# THIS IS AN AUTOGENERATED FILE. DO NOT EDIT THIS FILE DIRECTLY.
# yarn lockfile v1


"@ohbug/core@^1.1.5":
  version "1.1.5"
  resolved "https://registry.yarnpkg.com/@ohbug/core/-/core-1.1.5.tgz#7cf697c39b8a3ba529a55f4104750b6e3a2ba6e4"
  integrity sha512-qPeGhCrn2PbdDpSqa/Ch505AO5WEquzuvhtIJWsVsB3Q9o6MDvQaZ9yYkUtY2lSFA2gJ0lxYKHveVcpVDlt5Cg==
  dependencies:
    "@ohbug/types" "^1.1.4"
    "@ohbug/utils" "^1.0.12"

"@ohbug/types@^1.1.4":
  version "1.1.4"
  resolved "https://registry.yarnpkg.com/@ohbug/types/-/types-1.1.4.tgz#cd37622711745b38fd0316eddb96569e332357dd"
  integrity sha512-VKQEWpgKUdCMeNz5qsEmm8D7JWiVDTuZzkv5VO2aq8PpWRkNeavHfgYNl1NECkRMzEpv62soarsxS9SBAYbt8g==

"@ohbug/utils@^1.0.12":
  version "1.0.12"
  resolved "https://registry.yarnpkg.com/@ohbug/utils/-/utils-1.0.12.tgz#2b85e590d286851191c55b32c06693e86d0df82e"
  integrity sha512-glgUSKI2aLHdA4mh52YnfQ1RYdwGw06hBCHL7/5yQdd6nct0E0YghTmB8GD66hleVWLBu5whKylBXBaBxxVjyw==
  dependencies:
    "@ohbug/types" "^1.1.4"
